// !$*UTF8*$!
{
	archiveVersion = 1;
	classes = {
	};
	objectVersion = 50;
	objects = {

/* Begin PBXBuildFile section */
		1B71943BC4F6255FEF83D659 /* Pods_BMSTudent.framework in Frameworks */ = {isa = PBXBuildFile; fileRef = 0007A498FA87D240F349D222 /* Pods_BMSTudent.framework */; };
		219F9A336A3D0363A4945B7B /* Pods_BMSTudentUITests.framework in Frameworks */ = {isa = PBXBuildFile; fileRef = 4B8C82080F08FE366AF00671 /* Pods_BMSTudentUITests.framework */; };
		577F6FB42291CBCD00C5BC88 /* statPoligonTableViewCell.swift in Sources */ = {isa = PBXBuildFile; fileRef = 577F6FB22291CBCD00C5BC88 /* statPoligonTableViewCell.swift */; };
		577F6FB52291CBCD00C5BC88 /* statPoligonTableViewCell.xib in Resources */ = {isa = PBXBuildFile; fileRef = 577F6FB32291CBCD00C5BC88 /* statPoligonTableViewCell.xib */; };
		57BDCA08228CA6A900A389BD /* ViewController3.swift in Sources */ = {isa = PBXBuildFile; fileRef = 57BDCA07228CA6A900A389BD /* ViewController3.swift */; };
		57CE9E14228761F70096F9C9 /* ViewController2.swift in Sources */ = {isa = PBXBuildFile; fileRef = 57CE9E13228761F70096F9C9 /* ViewController2.swift */; };
		57CE9E172287620A0096F9C9 /* myTableViewCell.swift in Sources */ = {isa = PBXBuildFile; fileRef = 57CE9E152287620A0096F9C9 /* myTableViewCell.swift */; };
		57CE9E182287620A0096F9C9 /* myTableViewCell.xib in Resources */ = {isa = PBXBuildFile; fileRef = 57CE9E162287620A0096F9C9 /* myTableViewCell.xib */; };
		84EFF92A21F5BBCF091E2CAA /* Pods_BMSTudentTests.framework in Frameworks */ = {isa = PBXBuildFile; fileRef = F9A46586A0276DF1F33C447B /* Pods_BMSTudentTests.framework */; };
		850BF3CA227BA504005EC3CF /* CardInfoView.swift in Sources */ = {isa = PBXBuildFile; fileRef = 850BF3C9227BA504005EC3CF /* CardInfoView.swift */; };
		850BF3CC227BB8DC005EC3CF /* MapCode.swift in Sources */ = {isa = PBXBuildFile; fileRef = 850BF3CB227BB8DC005EC3CF /* MapCode.swift */; };
		855C2520228439D500EB3323 /* Data.swift in Sources */ = {isa = PBXBuildFile; fileRef = 855C251F228439D500EB3323 /* Data.swift */; };
		858351812285E9CF007AA2CF /* ExternalAccessory.framework in Frameworks */ = {isa = PBXBuildFile; fileRef = 858351802285E9CF007AA2CF /* ExternalAccessory.framework */; };
		85A755D1227B5E5E001E8FCC /* AppDelegate.swift in Sources */ = {isa = PBXBuildFile; fileRef = 85A755D0227B5E5E001E8FCC /* AppDelegate.swift */; };
		85A755D3227B5E5E001E8FCC /* ViewController.swift in Sources */ = {isa = PBXBuildFile; fileRef = 85A755D2227B5E5E001E8FCC /* ViewController.swift */; };
		85A755D6227B5E5E001E8FCC /* Main.storyboard in Resources */ = {isa = PBXBuildFile; fileRef = 85A755D4227B5E5E001E8FCC /* Main.storyboard */; };
		85A755D8227B5E5F001E8FCC /* Assets.xcassets in Resources */ = {isa = PBXBuildFile; fileRef = 85A755D7227B5E5F001E8FCC /* Assets.xcassets */; };
		85A755DB227B5E5F001E8FCC /* LaunchScreen.storyboard in Resources */ = {isa = PBXBuildFile; fileRef = 85A755D9227B5E5F001E8FCC /* LaunchScreen.storyboard */; };
		85A755E6227B5E5F001E8FCC /* BMSTudentTests.swift in Sources */ = {isa = PBXBuildFile; fileRef = 85A755E5227B5E5F001E8FCC /* BMSTudentTests.swift */; };
		85A755F1227B5E5F001E8FCC /* BMSTudentUITests.swift in Sources */ = {isa = PBXBuildFile; fileRef = 85A755F0227B5E5F001E8FCC /* BMSTudentUITests.swift */; };
		85A755FF227B623B001E8FCC /* Place.swift in Sources */ = {isa = PBXBuildFile; fileRef = 85A755FE227B623B001E8FCC /* Place.swift */; };
		85A75604227B7072001E8FCC /* MapKit.framework in Frameworks */ = {isa = PBXBuildFile; fileRef = 85A75603227B7072001E8FCC /* MapKit.framework */; };
		85CDD06A2291DA390051F1B5 /* GoogleService-Info.plist in Resources */ = {isa = PBXBuildFile; fileRef = 85CDD0692291DA390051F1B5 /* GoogleService-Info.plist */; };
		85CDD06C2291E0090051F1B5 /* myjson.json in Resources */ = {isa = PBXBuildFile; fileRef = 85CDD06B2291E0090051F1B5 /* myjson.json */; };
/* End PBXBuildFile section */

/* Begin PBXContainerItemProxy section */
		85A755E2227B5E5F001E8FCC /* PBXContainerItemProxy */ = {
			isa = PBXContainerItemProxy;
			containerPortal = 85A755C5227B5E5E001E8FCC /* Project object */;
			proxyType = 1;
			remoteGlobalIDString = 85A755CC227B5E5E001E8FCC;
			remoteInfo = BMSTudent;
		};
		85A755ED227B5E5F001E8FCC /* PBXContainerItemProxy */ = {
			isa = PBXContainerItemProxy;
			containerPortal = 85A755C5227B5E5E001E8FCC /* Project object */;
			proxyType = 1;
			remoteGlobalIDString = 85A755CC227B5E5E001E8FCC;
			remoteInfo = BMSTudent;
		};
/* End PBXContainerItemProxy section */

/* Begin PBXFileReference section */
		0007A498FA87D240F349D222 /* Pods_BMSTudent.framework */ = {isa = PBXFileReference; explicitFileType = wrapper.framework; includeInIndex = 0; path = Pods_BMSTudent.framework; sourceTree = BUILT_PRODUCTS_DIR; };
		08A41C1C7D3A556D6B278145 /* Pods-BMSTudent.debug.xcconfig */ = {isa = PBXFileReference; includeInIndex = 1; lastKnownFileType = text.xcconfig; name = "Pods-BMSTudent.debug.xcconfig"; path = "Target Support Files/Pods-BMSTudent/Pods-BMSTudent.debug.xcconfig"; sourceTree = "<group>"; };
		42CAD57396FB831CE51C944B /* Pods-BMSTudentUITests.debug.xcconfig */ = {isa = PBXFileReference; includeInIndex = 1; lastKnownFileType = text.xcconfig; name = "Pods-BMSTudentUITests.debug.xcconfig"; path = "Target Support Files/Pods-BMSTudentUITests/Pods-BMSTudentUITests.debug.xcconfig"; sourceTree = "<group>"; };
		4B8C82080F08FE366AF00671 /* Pods_BMSTudentUITests.framework */ = {isa = PBXFileReference; explicitFileType = wrapper.framework; includeInIndex = 0; path = Pods_BMSTudentUITests.framework; sourceTree = BUILT_PRODUCTS_DIR; };
		56D43F657A90276B170A8B74 /* Pods-BMSTudentUITests.release.xcconfig */ = {isa = PBXFileReference; includeInIndex = 1; lastKnownFileType = text.xcconfig; name = "Pods-BMSTudentUITests.release.xcconfig"; path = "Target Support Files/Pods-BMSTudentUITests/Pods-BMSTudentUITests.release.xcconfig"; sourceTree = "<group>"; };
		577F6FB22291CBCD00C5BC88 /* statPoligonTableViewCell.swift */ = {isa = PBXFileReference; lastKnownFileType = sourcecode.swift; path = statPoligonTableViewCell.swift; sourceTree = "<group>"; };
		577F6FB32291CBCD00C5BC88 /* statPoligonTableViewCell.xib */ = {isa = PBXFileReference; lastKnownFileType = file.xib; path = statPoligonTableViewCell.xib; sourceTree = "<group>"; };
		57BDCA07228CA6A900A389BD /* ViewController3.swift */ = {isa = PBXFileReference; lastKnownFileType = sourcecode.swift; path = ViewController3.swift; sourceTree = "<group>"; };
		57CE9E13228761F70096F9C9 /* ViewController2.swift */ = {isa = PBXFileReference; lastKnownFileType = sourcecode.swift; path = ViewController2.swift; sourceTree = "<group>"; };
		57CE9E152287620A0096F9C9 /* myTableViewCell.swift */ = {isa = PBXFileReference; lastKnownFileType = sourcecode.swift; path = myTableViewCell.swift; sourceTree = "<group>"; };
		57CE9E162287620A0096F9C9 /* myTableViewCell.xib */ = {isa = PBXFileReference; lastKnownFileType = file.xib; path = myTableViewCell.xib; sourceTree = "<group>"; };
		80737E828C430436807E7896 /* Pods-BMSTudentTests.release.xcconfig */ = {isa = PBXFileReference; includeInIndex = 1; lastKnownFileType = text.xcconfig; name = "Pods-BMSTudentTests.release.xcconfig"; path = "Target Support Files/Pods-BMSTudentTests/Pods-BMSTudentTests.release.xcconfig"; sourceTree = "<group>"; };
		850BF3C9227BA504005EC3CF /* CardInfoView.swift */ = {isa = PBXFileReference; lastKnownFileType = sourcecode.swift; path = CardInfoView.swift; sourceTree = "<group>"; };
		850BF3CB227BB8DC005EC3CF /* MapCode.swift */ = {isa = PBXFileReference; lastKnownFileType = sourcecode.swift; path = MapCode.swift; sourceTree = "<group>"; };
		855C251F228439D500EB3323 /* Data.swift */ = {isa = PBXFileReference; lastKnownFileType = sourcecode.swift; path = Data.swift; sourceTree = "<group>"; };
		858351802285E9CF007AA2CF /* ExternalAccessory.framework */ = {isa = PBXFileReference; lastKnownFileType = wrapper.framework; name = ExternalAccessory.framework; path = System/Library/Frameworks/ExternalAccessory.framework; sourceTree = SDKROOT; };
		858351822285E9CF007AA2CF /* BMSTudent.entitlements */ = {isa = PBXFileReference; lastKnownFileType = text.plist.entitlements; path = BMSTudent.entitlements; sourceTree = "<group>"; };
		85A755CD227B5E5E001E8FCC /* BMSTudent.app */ = {isa = PBXFileReference; explicitFileType = wrapper.application; includeInIndex = 0; path = BMSTudent.app; sourceTree = BUILT_PRODUCTS_DIR; };
		85A755D0227B5E5E001E8FCC /* AppDelegate.swift */ = {isa = PBXFileReference; lastKnownFileType = sourcecode.swift; path = AppDelegate.swift; sourceTree = "<group>"; };
		85A755D2227B5E5E001E8FCC /* ViewController.swift */ = {isa = PBXFileReference; lastKnownFileType = sourcecode.swift; path = ViewController.swift; sourceTree = "<group>"; };
		85A755D5227B5E5E001E8FCC /* Base */ = {isa = PBXFileReference; lastKnownFileType = file.storyboard; name = Base; path = Base.lproj/Main.storyboard; sourceTree = "<group>"; };
		85A755D7227B5E5F001E8FCC /* Assets.xcassets */ = {isa = PBXFileReference; lastKnownFileType = folder.assetcatalog; path = Assets.xcassets; sourceTree = "<group>"; };
		85A755DA227B5E5F001E8FCC /* Base */ = {isa = PBXFileReference; lastKnownFileType = file.storyboard; name = Base; path = Base.lproj/LaunchScreen.storyboard; sourceTree = "<group>"; };
		85A755DC227B5E5F001E8FCC /* Info.plist */ = {isa = PBXFileReference; lastKnownFileType = text.plist.xml; path = Info.plist; sourceTree = "<group>"; };
		85A755E1227B5E5F001E8FCC /* BMSTudentTests.xctest */ = {isa = PBXFileReference; explicitFileType = wrapper.cfbundle; includeInIndex = 0; path = BMSTudentTests.xctest; sourceTree = BUILT_PRODUCTS_DIR; };
		85A755E5227B5E5F001E8FCC /* BMSTudentTests.swift */ = {isa = PBXFileReference; lastKnownFileType = sourcecode.swift; path = BMSTudentTests.swift; sourceTree = "<group>"; };
		85A755E7227B5E5F001E8FCC /* Info.plist */ = {isa = PBXFileReference; lastKnownFileType = text.plist.xml; path = Info.plist; sourceTree = "<group>"; };
		85A755EC227B5E5F001E8FCC /* BMSTudentUITests.xctest */ = {isa = PBXFileReference; explicitFileType = wrapper.cfbundle; includeInIndex = 0; path = BMSTudentUITests.xctest; sourceTree = BUILT_PRODUCTS_DIR; };
		85A755F0227B5E5F001E8FCC /* BMSTudentUITests.swift */ = {isa = PBXFileReference; lastKnownFileType = sourcecode.swift; path = BMSTudentUITests.swift; sourceTree = "<group>"; };
		85A755F2227B5E5F001E8FCC /* Info.plist */ = {isa = PBXFileReference; lastKnownFileType = text.plist.xml; path = Info.plist; sourceTree = "<group>"; };
		85A755FE227B623B001E8FCC /* Place.swift */ = {isa = PBXFileReference; lastKnownFileType = sourcecode.swift; path = Place.swift; sourceTree = "<group>"; };
		85A75603227B7072001E8FCC /* MapKit.framework */ = {isa = PBXFileReference; lastKnownFileType = wrapper.framework; name = MapKit.framework; path = System/Library/Frameworks/MapKit.framework; sourceTree = SDKROOT; };
		85CDD0692291DA390051F1B5 /* GoogleService-Info.plist */ = {isa = PBXFileReference; fileEncoding = 4; lastKnownFileType = text.plist.xml; name = "GoogleService-Info.plist"; path = "../../../Desktop/GoogleService-Info.plist"; sourceTree = "<group>"; };
		85CDD06B2291E0090051F1B5 /* myjson.json */ = {isa = PBXFileReference; fileEncoding = 4; lastKnownFileType = text.json; name = myjson.json; path = ../../../Desktop/myjson.json; sourceTree = "<group>"; };
		8938FC3821BDFA99807A8D60 /* Pods-BMSTudentTests.debug.xcconfig */ = {isa = PBXFileReference; includeInIndex = 1; lastKnownFileType = text.xcconfig; name = "Pods-BMSTudentTests.debug.xcconfig"; path = "Target Support Files/Pods-BMSTudentTests/Pods-BMSTudentTests.debug.xcconfig"; sourceTree = "<group>"; };
		DB822AA40AD47D94AE696CBA /* Pods-BMSTudent.release.xcconfig */ = {isa = PBXFileReference; includeInIndex = 1; lastKnownFileType = text.xcconfig; name = "Pods-BMSTudent.release.xcconfig"; path = "Target Support Files/Pods-BMSTudent/Pods-BMSTudent.release.xcconfig"; sourceTree = "<group>"; };
		F9A46586A0276DF1F33C447B /* Pods_BMSTudentTests.framework */ = {isa = PBXFileReference; explicitFileType = wrapper.framework; includeInIndex = 0; path = Pods_BMSTudentTests.framework; sourceTree = BUILT_PRODUCTS_DIR; };
/* End PBXFileReference section */

/* Begin PBXFrameworksBuildPhase section */
		85A755CA227B5E5E001E8FCC /* Frameworks */ = {
			isa = PBXFrameworksBuildPhase;
			buildActionMask = 2147483647;
			files = (
				858351812285E9CF007AA2CF /* ExternalAccessory.framework in Frameworks */,
				85A75604227B7072001E8FCC /* MapKit.framework in Frameworks */,
				1B71943BC4F6255FEF83D659 /* Pods_BMSTudent.framework in Frameworks */,
			);
			runOnlyForDeploymentPostprocessing = 0;
		};
		85A755DE227B5E5F001E8FCC /* Frameworks */ = {
			isa = PBXFrameworksBuildPhase;
			buildActionMask = 2147483647;
			files = (
				84EFF92A21F5BBCF091E2CAA /* Pods_BMSTudentTests.framework in Frameworks */,
			);
			runOnlyForDeploymentPostprocessing = 0;
		};
		85A755E9227B5E5F001E8FCC /* Frameworks */ = {
			isa = PBXFrameworksBuildPhase;
			buildActionMask = 2147483647;
			files = (
				219F9A336A3D0363A4945B7B /* Pods_BMSTudentUITests.framework in Frameworks */,
			);
			runOnlyForDeploymentPostprocessing = 0;
		};
/* End PBXFrameworksBuildPhase section */

/* Begin PBXGroup section */
		80D8ACDE37DF728D577E535F /* Pods */ = {
			isa = PBXGroup;
			children = (
				08A41C1C7D3A556D6B278145 /* Pods-BMSTudent.debug.xcconfig */,
				DB822AA40AD47D94AE696CBA /* Pods-BMSTudent.release.xcconfig */,
				8938FC3821BDFA99807A8D60 /* Pods-BMSTudentTests.debug.xcconfig */,
				80737E828C430436807E7896 /* Pods-BMSTudentTests.release.xcconfig */,
				42CAD57396FB831CE51C944B /* Pods-BMSTudentUITests.debug.xcconfig */,
				56D43F657A90276B170A8B74 /* Pods-BMSTudentUITests.release.xcconfig */,
			);
			path = Pods;
			sourceTree = "<group>";
		};
		85A755C4227B5E5E001E8FCC = {
			isa = PBXGroup;
			children = (
				85A755CF227B5E5E001E8FCC /* BMSTudent */,
				85A755E4227B5E5F001E8FCC /* BMSTudentTests */,
				85A755EF227B5E5F001E8FCC /* BMSTudentUITests */,
				85A755CE227B5E5E001E8FCC /* Products */,
				85A75602227B7072001E8FCC /* Frameworks */,
				80D8ACDE37DF728D577E535F /* Pods */,
			);
			sourceTree = "<group>";
		};
		85A755CE227B5E5E001E8FCC /* Products */ = {
			isa = PBXGroup;
			children = (
				85A755CD227B5E5E001E8FCC /* BMSTudent.app */,
				85A755E1227B5E5F001E8FCC /* BMSTudentTests.xctest */,
				85A755EC227B5E5F001E8FCC /* BMSTudentUITests.xctest */,
			);
			name = Products;
			sourceTree = "<group>";
		};
		85A755CF227B5E5E001E8FCC /* BMSTudent */ = {
			isa = PBXGroup;
			children = (
				85CDD0692291DA390051F1B5 /* GoogleService-Info.plist */,
				858351822285E9CF007AA2CF /* BMSTudent.entitlements */,
				85A755D0227B5E5E001E8FCC /* AppDelegate.swift */,
				85CDD06B2291E0090051F1B5 /* myjson.json */,
				85A755D2227B5E5E001E8FCC /* ViewController.swift */,
				57CE9E13228761F70096F9C9 /* ViewController2.swift */,
				57BDCA07228CA6A900A389BD /* ViewController3.swift */,
				57CE9E152287620A0096F9C9 /* myTableViewCell.swift */,
				57CE9E162287620A0096F9C9 /* myTableViewCell.xib */,
				85A755D4227B5E5E001E8FCC /* Main.storyboard */,
				85A755D7227B5E5F001E8FCC /* Assets.xcassets */,
				85A755D9227B5E5F001E8FCC /* LaunchScreen.storyboard */,
				85A755DC227B5E5F001E8FCC /* Info.plist */,
				85A755FE227B623B001E8FCC /* Place.swift */,
				850BF3C9227BA504005EC3CF /* CardInfoView.swift */,
				850BF3CB227BB8DC005EC3CF /* MapCode.swift */,
				855C251F228439D500EB3323 /* Data.swift */,
				577F6FB22291CBCD00C5BC88 /* statPoligonTableViewCell.swift */,
				577F6FB32291CBCD00C5BC88 /* statPoligonTableViewCell.xib */,
			);
			path = BMSTudent;
			sourceTree = "<group>";
		};
		85A755E4227B5E5F001E8FCC /* BMSTudentTests */ = {
			isa = PBXGroup;
			children = (
				85A755E5227B5E5F001E8FCC /* BMSTudentTests.swift */,
				85A755E7227B5E5F001E8FCC /* Info.plist */,
			);
			path = BMSTudentTests;
			sourceTree = "<group>";
		};
		85A755EF227B5E5F001E8FCC /* BMSTudentUITests */ = {
			isa = PBXGroup;
			children = (
				85A755F0227B5E5F001E8FCC /* BMSTudentUITests.swift */,
				85A755F2227B5E5F001E8FCC /* Info.plist */,
			);
			path = BMSTudentUITests;
			sourceTree = "<group>";
		};
		85A75602227B7072001E8FCC /* Frameworks */ = {
			isa = PBXGroup;
			children = (
				858351802285E9CF007AA2CF /* ExternalAccessory.framework */,
				85A75603227B7072001E8FCC /* MapKit.framework */,
				0007A498FA87D240F349D222 /* Pods_BMSTudent.framework */,
				F9A46586A0276DF1F33C447B /* Pods_BMSTudentTests.framework */,
				4B8C82080F08FE366AF00671 /* Pods_BMSTudentUITests.framework */,
			);
			name = Frameworks;
			sourceTree = "<group>";
		};
/* End PBXGroup section */

/* Begin PBXNativeTarget section */
		85A755CC227B5E5E001E8FCC /* BMSTudent */ = {
			isa = PBXNativeTarget;
			buildConfigurationList = 85A755F5227B5E5F001E8FCC /* Build configuration list for PBXNativeTarget "BMSTudent" */;
			buildPhases = (
				3EB3E91B18A1C3E065BB22D4 /* [CP] Check Pods Manifest.lock */,
				85A755C9227B5E5E001E8FCC /* Sources */,
				85A755CA227B5E5E001E8FCC /* Frameworks */,
				85A755CB227B5E5E001E8FCC /* Resources */,
				388AEAAEBD6C3F4541975C81 /* [CP] Embed Pods Frameworks */,
			);
			buildRules = (
			);
			dependencies = (
			);
			name = BMSTudent;
			productName = BMSTudent;
			productReference = 85A755CD227B5E5E001E8FCC /* BMSTudent.app */;
			productType = "com.apple.product-type.application";
		};
		85A755E0227B5E5F001E8FCC /* BMSTudentTests */ = {
			isa = PBXNativeTarget;
			buildConfigurationList = 85A755F8227B5E5F001E8FCC /* Build configuration list for PBXNativeTarget "BMSTudentTests" */;
			buildPhases = (
				2E054D1988CE8E128E899B0A /* [CP] Check Pods Manifest.lock */,
				85A755DD227B5E5F001E8FCC /* Sources */,
				85A755DE227B5E5F001E8FCC /* Frameworks */,
				85A755DF227B5E5F001E8FCC /* Resources */,
			);
			buildRules = (
			);
			dependencies = (
				85A755E3227B5E5F001E8FCC /* PBXTargetDependency */,
			);
			name = BMSTudentTests;
			productName = BMSTudentTests;
			productReference = 85A755E1227B5E5F001E8FCC /* BMSTudentTests.xctest */;
			productType = "com.apple.product-type.bundle.unit-test";
		};
		85A755EB227B5E5F001E8FCC /* BMSTudentUITests */ = {
			isa = PBXNativeTarget;
			buildConfigurationList = 85A755FB227B5E5F001E8FCC /* Build configuration list for PBXNativeTarget "BMSTudentUITests" */;
			buildPhases = (
				FA5FD53E5838349D48C12381 /* [CP] Check Pods Manifest.lock */,
				85A755E8227B5E5F001E8FCC /* Sources */,
				85A755E9227B5E5F001E8FCC /* Frameworks */,
				85A755EA227B5E5F001E8FCC /* Resources */,
			);
			buildRules = (
			);
			dependencies = (
				85A755EE227B5E5F001E8FCC /* PBXTargetDependency */,
			);
			name = BMSTudentUITests;
			productName = BMSTudentUITests;
			productReference = 85A755EC227B5E5F001E8FCC /* BMSTudentUITests.xctest */;
			productType = "com.apple.product-type.bundle.ui-testing";
		};
/* End PBXNativeTarget section */

/* Begin PBXProject section */
		85A755C5227B5E5E001E8FCC /* Project object */ = {
			isa = PBXProject;
			attributes = {
				LastSwiftUpdateCheck = 1010;
				LastUpgradeCheck = 1010;
				ORGANIZATIONNAME = Sergei;
				TargetAttributes = {
					85A755CC227B5E5E001E8FCC = {
						CreatedOnToolsVersion = 10.1;
						SystemCapabilities = {
							com.apple.BackgroundModes = {
								enabled = 1;
							};
							com.apple.Maps.iOS = {
								enabled = 1;
							};
							com.apple.WAC = {
								enabled = 1;
							};
						};
					};
					85A755E0227B5E5F001E8FCC = {
						CreatedOnToolsVersion = 10.1;
						TestTargetID = 85A755CC227B5E5E001E8FCC;
					};
					85A755EB227B5E5F001E8FCC = {
						CreatedOnToolsVersion = 10.1;
						TestTargetID = 85A755CC227B5E5E001E8FCC;
					};
				};
			};
			buildConfigurationList = 85A755C8227B5E5E001E8FCC /* Build configuration list for PBXProject "BMSTudent" */;
			compatibilityVersion = "Xcode 9.3";
			developmentRegion = en;
			hasScannedForEncodings = 0;
			knownRegions = (
				en,
				Base,
			);
			mainGroup = 85A755C4227B5E5E001E8FCC;
			productRefGroup = 85A755CE227B5E5E001E8FCC /* Products */;
			projectDirPath = "";
			projectRoot = "";
			targets = (
				85A755CC227B5E5E001E8FCC /* BMSTudent */,
				85A755E0227B5E5F001E8FCC /* BMSTudentTests */,
				85A755EB227B5E5F001E8FCC /* BMSTudentUITests */,
			);
		};
/* End PBXProject section */

/* Begin PBXResourcesBuildPhase section */
		85A755CB227B5E5E001E8FCC /* Resources */ = {
			isa = PBXResourcesBuildPhase;
			buildActionMask = 2147483647;
			files = (
				85CDD06C2291E0090051F1B5 /* myjson.json in Resources */,
				85A755DB227B5E5F001E8FCC /* LaunchScreen.storyboard in Resources */,
				57CE9E182287620A0096F9C9 /* myTableViewCell.xib in Resources */,
				85A755D8227B5E5F001E8FCC /* Assets.xcassets in Resources */,
				577F6FB52291CBCD00C5BC88 /* statPoligonTableViewCell.xib in Resources */,
				85A755D6227B5E5E001E8FCC /* Main.storyboard in Resources */,
				85CDD06A2291DA390051F1B5 /* GoogleService-Info.plist in Resources */,
			);
			runOnlyForDeploymentPostprocessing = 0;
		};
		85A755DF227B5E5F001E8FCC /* Resources */ = {
			isa = PBXResourcesBuildPhase;
			buildActionMask = 2147483647;
			files = (
			);
			runOnlyForDeploymentPostprocessing = 0;
		};
		85A755EA227B5E5F001E8FCC /* Resources */ = {
			isa = PBXResourcesBuildPhase;
			buildActionMask = 2147483647;
			files = (
			);
			runOnlyForDeploymentPostprocessing = 0;
		};
/* End PBXResourcesBuildPhase section */

/* Begin PBXShellScriptBuildPhase section */
		2E054D1988CE8E128E899B0A /* [CP] Check Pods Manifest.lock */ = {
			isa = PBXShellScriptBuildPhase;
			buildActionMask = 2147483647;
			files = (
			);
			inputFileListPaths = (
			);
			inputPaths = (
				"${PODS_PODFILE_DIR_PATH}/Podfile.lock",
				"${PODS_ROOT}/Manifest.lock",
			);
			name = "[CP] Check Pods Manifest.lock";
			outputFileListPaths = (
			);
			outputPaths = (
				"$(DERIVED_FILE_DIR)/Pods-BMSTudentTests-checkManifestLockResult.txt",
			);
			runOnlyForDeploymentPostprocessing = 0;
			shellPath = /bin/sh;
			shellScript = "diff \"${PODS_PODFILE_DIR_PATH}/Podfile.lock\" \"${PODS_ROOT}/Manifest.lock\" > /dev/null\nif [ $? != 0 ] ; then\n    # print error to STDERR\n    echo \"error: The sandbox is not in sync with the Podfile.lock. Run 'pod install' or update your CocoaPods installation.\" >&2\n    exit 1\nfi\n# This output is used by Xcode 'outputs' to avoid re-running this script phase.\necho \"SUCCESS\" > \"${SCRIPT_OUTPUT_FILE_0}\"\n";
			showEnvVarsInLog = 0;
		};
		388AEAAEBD6C3F4541975C81 /* [CP] Embed Pods Frameworks */ = {
			isa = PBXShellScriptBuildPhase;
			buildActionMask = 2147483647;
			files = (
			);
			inputFileListPaths = (
			);
			inputPaths = (
				"${PODS_ROOT}/Target Support Files/Pods-BMSTudent/Pods-BMSTudent-frameworks.sh",
				"${BUILT_PRODUCTS_DIR}/GTMSessionFetcher/GTMSessionFetcher.framework",
				"${BUILT_PRODUCTS_DIR}/GoogleUtilities/GoogleUtilities.framework",
				"${BUILT_PRODUCTS_DIR}/leveldb-library/leveldb.framework",
				"${BUILT_PRODUCTS_DIR}/nanopb/nanopb.framework",
			);
			name = "[CP] Embed Pods Frameworks";
			outputFileListPaths = (
			);
			outputPaths = (
				"${TARGET_BUILD_DIR}/${FRAMEWORKS_FOLDER_PATH}/GTMSessionFetcher.framework",
				"${TARGET_BUILD_DIR}/${FRAMEWORKS_FOLDER_PATH}/GoogleUtilities.framework",
				"${TARGET_BUILD_DIR}/${FRAMEWORKS_FOLDER_PATH}/leveldb.framework",
				"${TARGET_BUILD_DIR}/${FRAMEWORKS_FOLDER_PATH}/nanopb.framework",
			);
			runOnlyForDeploymentPostprocessing = 0;
			shellPath = /bin/sh;
			shellScript = "\"${PODS_ROOT}/Target Support Files/Pods-BMSTudent/Pods-BMSTudent-frameworks.sh\"\n";
			showEnvVarsInLog = 0;
		};
		3EB3E91B18A1C3E065BB22D4 /* [CP] Check Pods Manifest.lock */ = {
			isa = PBXShellScriptBuildPhase;
			buildActionMask = 2147483647;
			files = (
			);
			inputFileListPaths = (
			);
			inputPaths = (
				"${PODS_PODFILE_DIR_PATH}/Podfile.lock",
				"${PODS_ROOT}/Manifest.lock",
			);
			name = "[CP] Check Pods Manifest.lock";
			outputFileListPaths = (
			);
			outputPaths = (
				"$(DERIVED_FILE_DIR)/Pods-BMSTudent-checkManifestLockResult.txt",
			);
			runOnlyForDeploymentPostprocessing = 0;
			shellPath = /bin/sh;
			shellScript = "diff \"${PODS_PODFILE_DIR_PATH}/Podfile.lock\" \"${PODS_ROOT}/Manifest.lock\" > /dev/null\nif [ $? != 0 ] ; then\n    # print error to STDERR\n    echo \"error: The sandbox is not in sync with the Podfile.lock. Run 'pod install' or update your CocoaPods installation.\" >&2\n    exit 1\nfi\n# This output is used by Xcode 'outputs' to avoid re-running this script phase.\necho \"SUCCESS\" > \"${SCRIPT_OUTPUT_FILE_0}\"\n";
			showEnvVarsInLog = 0;
		};
		FA5FD53E5838349D48C12381 /* [CP] Check Pods Manifest.lock */ = {
			isa = PBXShellScriptBuildPhase;
			buildActionMask = 2147483647;
			files = (
			);
			inputFileListPaths = (
			);
			inputPaths = (
				"${PODS_PODFILE_DIR_PATH}/Podfile.lock",
				"${PODS_ROOT}/Manifest.lock",
			);
			name = "[CP] Check Pods Manifest.lock";
			outputFileListPaths = (
			);
			outputPaths = (
				"$(DERIVED_FILE_DIR)/Pods-BMSTudentUITests-checkManifestLockResult.txt",
			);
			runOnlyForDeploymentPostprocessing = 0;
			shellPath = /bin/sh;
			shellScript = "diff \"${PODS_PODFILE_DIR_PATH}/Podfile.lock\" \"${PODS_ROOT}/Manifest.lock\" > /dev/null\nif [ $? != 0 ] ; then\n    # print error to STDERR\n    echo \"error: The sandbox is not in sync with the Podfile.lock. Run 'pod install' or update your CocoaPods installation.\" >&2\n    exit 1\nfi\n# This output is used by Xcode 'outputs' to avoid re-running this script phase.\necho \"SUCCESS\" > \"${SCRIPT_OUTPUT_FILE_0}\"\n";
			showEnvVarsInLog = 0;
		};
/* End PBXShellScriptBuildPhase section */

/* Begin PBXSourcesBuildPhase section */
		85A755C9227B5E5E001E8FCC /* Sources */ = {
			isa = PBXSourcesBuildPhase;
			buildActionMask = 2147483647;
			files = (
				577F6FB42291CBCD00C5BC88 /* statPoligonTableViewCell.swift in Sources */,
				57CE9E14228761F70096F9C9 /* ViewController2.swift in Sources */,
				57CE9E172287620A0096F9C9 /* myTableViewCell.swift in Sources */,
				57BDCA08228CA6A900A389BD /* ViewController3.swift in Sources */,
				855C2520228439D500EB3323 /* Data.swift in Sources */,
				85A755FF227B623B001E8FCC /* Place.swift in Sources */,
				85A755D3227B5E5E001E8FCC /* ViewController.swift in Sources */,
				850BF3CC227BB8DC005EC3CF /* MapCode.swift in Sources */,
				85A755D1227B5E5E001E8FCC /* AppDelegate.swift in Sources */,
				850BF3CA227BA504005EC3CF /* CardInfoView.swift in Sources */,
			);
			runOnlyForDeploymentPostprocessing = 0;
		};
		85A755DD227B5E5F001E8FCC /* Sources */ = {
			isa = PBXSourcesBuildPhase;
			buildActionMask = 2147483647;
			files = (
				85A755E6227B5E5F001E8FCC /* BMSTudentTests.swift in Sources */,
			);
			runOnlyForDeploymentPostprocessing = 0;
		};
		85A755E8227B5E5F001E8FCC /* Sources */ = {
			isa = PBXSourcesBuildPhase;
			buildActionMask = 2147483647;
			files = (
				85A755F1227B5E5F001E8FCC /* BMSTudentUITests.swift in Sources */,
			);
			runOnlyForDeploymentPostprocessing = 0;
		};
/* End PBXSourcesBuildPhase section */

/* Begin PBXTargetDependency section */
		85A755E3227B5E5F001E8FCC /* PBXTargetDependency */ = {
			isa = PBXTargetDependency;
			target = 85A755CC227B5E5E001E8FCC /* BMSTudent */;
			targetProxy = 85A755E2227B5E5F001E8FCC /* PBXContainerItemProxy */;
		};
		85A755EE227B5E5F001E8FCC /* PBXTargetDependency */ = {
			isa = PBXTargetDependency;
			target = 85A755CC227B5E5E001E8FCC /* BMSTudent */;
			targetProxy = 85A755ED227B5E5F001E8FCC /* PBXContainerItemProxy */;
		};
/* End PBXTargetDependency section */

/* Begin PBXVariantGroup section */
		85A755D4227B5E5E001E8FCC /* Main.storyboard */ = {
			isa = PBXVariantGroup;
			children = (
				85A755D5227B5E5E001E8FCC /* Base */,
			);
			name = Main.storyboard;
			sourceTree = "<group>";
		};
		85A755D9227B5E5F001E8FCC /* LaunchScreen.storyboard */ = {
			isa = PBXVariantGroup;
			children = (
				85A755DA227B5E5F001E8FCC /* Base */,
			);
			name = LaunchScreen.storyboard;
			sourceTree = "<group>";
		};
/* End PBXVariantGroup section */

/* Begin XCBuildConfiguration section */
		85A755F3227B5E5F001E8FCC /* Debug */ = {
			isa = XCBuildConfiguration;
			buildSettings = {
				ALWAYS_SEARCH_USER_PATHS = NO;
				CLANG_ANALYZER_NONNULL = YES;
				CLANG_ANALYZER_NUMBER_OBJECT_CONVERSION = YES_AGGRESSIVE;
				CLANG_CXX_LANGUAGE_STANDARD = "gnu++14";
				CLANG_CXX_LIBRARY = "libc++";
				CLANG_ENABLE_MODULES = YES;
				CLANG_ENABLE_OBJC_ARC = YES;
				CLANG_ENABLE_OBJC_WEAK = YES;
				CLANG_WARN_BLOCK_CAPTURE_AUTORELEASING = YES;
				CLANG_WARN_BOOL_CONVERSION = YES;
				CLANG_WARN_COMMA = YES;
				CLANG_WARN_CONSTANT_CONVERSION = YES;
				CLANG_WARN_DEPRECATED_OBJC_IMPLEMENTATIONS = YES;
				CLANG_WARN_DIRECT_OBJC_ISA_USAGE = YES_ERROR;
				CLANG_WARN_DOCUMENTATION_COMMENTS = YES;
				CLANG_WARN_EMPTY_BODY = YES;
				CLANG_WARN_ENUM_CONVERSION = YES;
				CLANG_WARN_INFINITE_RECURSION = YES;
				CLANG_WARN_INT_CONVERSION = YES;
				CLANG_WARN_NON_LITERAL_NULL_CONVERSION = YES;
				CLANG_WARN_OBJC_IMPLICIT_RETAIN_SELF = YES;
				CLANG_WARN_OBJC_LITERAL_CONVERSION = YES;
				CLANG_WARN_OBJC_ROOT_CLASS = YES_ERROR;
				CLANG_WARN_RANGE_LOOP_ANALYSIS = YES;
				CLANG_WARN_STRICT_PROTOTYPES = YES;
				CLANG_WARN_SUSPICIOUS_MOVE = YES;
				CLANG_WARN_UNGUARDED_AVAILABILITY = YES_AGGRESSIVE;
				CLANG_WARN_UNREACHABLE_CODE = YES;
				CLANG_WARN__DUPLICATE_METHOD_MATCH = YES;
				CODE_SIGN_IDENTITY = "iPhone Developer";
				COPY_PHASE_STRIP = NO;
				DEBUG_INFORMATION_FORMAT = dwarf;
				ENABLE_STRICT_OBJC_MSGSEND = YES;
				ENABLE_TESTABILITY = YES;
				GCC_C_LANGUAGE_STANDARD = gnu11;
				GCC_DYNAMIC_NO_PIC = NO;
				GCC_NO_COMMON_BLOCKS = YES;
				GCC_OPTIMIZATION_LEVEL = 0;
				GCC_PREPROCESSOR_DEFINITIONS = (
					"DEBUG=1",
					"$(inherited)",
				);
				GCC_WARN_64_TO_32_BIT_CONVERSION = YES;
				GCC_WARN_ABOUT_RETURN_TYPE = YES_ERROR;
				GCC_WARN_UNDECLARED_SELECTOR = YES;
				GCC_WARN_UNINITIALIZED_AUTOS = YES_AGGRESSIVE;
				GCC_WARN_UNUSED_FUNCTION = YES;
				GCC_WARN_UNUSED_VARIABLE = YES;
				IPHONEOS_DEPLOYMENT_TARGET = 12.1;
				MTL_ENABLE_DEBUG_INFO = INCLUDE_SOURCE;
				MTL_FAST_MATH = YES;
				ONLY_ACTIVE_ARCH = YES;
				SDKROOT = iphoneos;
				SWIFT_ACTIVE_COMPILATION_CONDITIONS = DEBUG;
				SWIFT_OPTIMIZATION_LEVEL = "-Onone";
			};
			name = Debug;
		};
		85A755F4227B5E5F001E8FCC /* Release */ = {
			isa = XCBuildConfiguration;
			buildSettings = {
				ALWAYS_SEARCH_USER_PATHS = NO;
				CLANG_ANALYZER_NONNULL = YES;
				CLANG_ANALYZER_NUMBER_OBJECT_CONVERSION = YES_AGGRESSIVE;
				CLANG_CXX_LANGUAGE_STANDARD = "gnu++14";
				CLANG_CXX_LIBRARY = "libc++";
				CLANG_ENABLE_MODULES = YES;
				CLANG_ENABLE_OBJC_ARC = YES;
				CLANG_ENABLE_OBJC_WEAK = YES;
				CLANG_WARN_BLOCK_CAPTURE_AUTORELEASING = YES;
				CLANG_WARN_BOOL_CONVERSION = YES;
				CLANG_WARN_COMMA = YES;
				CLANG_WARN_CONSTANT_CONVERSION = YES;
				CLANG_WARN_DEPRECATED_OBJC_IMPLEMENTATIONS = YES;
				CLANG_WARN_DIRECT_OBJC_ISA_USAGE = YES_ERROR;
				CLANG_WARN_DOCUMENTATION_COMMENTS = YES;
				CLANG_WARN_EMPTY_BODY = YES;
				CLANG_WARN_ENUM_CONVERSION = YES;
				CLANG_WARN_INFINITE_RECURSION = YES;
				CLANG_WARN_INT_CONVERSION = YES;
				CLANG_WARN_NON_LITERAL_NULL_CONVERSION = YES;
				CLANG_WARN_OBJC_IMPLICIT_RETAIN_SELF = YES;
				CLANG_WARN_OBJC_LITERAL_CONVERSION = YES;
				CLANG_WARN_OBJC_ROOT_CLASS = YES_ERROR;
				CLANG_WARN_RANGE_LOOP_ANALYSIS = YES;
				CLANG_WARN_STRICT_PROTOTYPES = YES;
				CLANG_WARN_SUSPICIOUS_MOVE = YES;
				CLANG_WARN_UNGUARDED_AVAILABILITY = YES_AGGRESSIVE;
				CLANG_WARN_UNREACHABLE_CODE = YES;
				CLANG_WARN__DUPLICATE_METHOD_MATCH = YES;
				CODE_SIGN_IDENTITY = "iPhone Developer";
				COPY_PHASE_STRIP = NO;
				DEBUG_INFORMATION_FORMAT = "dwarf-with-dsym";
				ENABLE_NS_ASSERTIONS = NO;
				ENABLE_STRICT_OBJC_MSGSEND = YES;
				GCC_C_LANGUAGE_STANDARD = gnu11;
				GCC_NO_COMMON_BLOCKS = YES;
				GCC_WARN_64_TO_32_BIT_CONVERSION = YES;
				GCC_WARN_ABOUT_RETURN_TYPE = YES_ERROR;
				GCC_WARN_UNDECLARED_SELECTOR = YES;
				GCC_WARN_UNINITIALIZED_AUTOS = YES_AGGRESSIVE;
				GCC_WARN_UNUSED_FUNCTION = YES;
				GCC_WARN_UNUSED_VARIABLE = YES;
				IPHONEOS_DEPLOYMENT_TARGET = 12.1;
				MTL_ENABLE_DEBUG_INFO = NO;
				MTL_FAST_MATH = YES;
				SDKROOT = iphoneos;
				SWIFT_COMPILATION_MODE = wholemodule;
				SWIFT_OPTIMIZATION_LEVEL = "-O";
				VALIDATE_PRODUCT = YES;
			};
			name = Release;
		};
		85A755F6227B5E5F001E8FCC /* Debug */ = {
			isa = XCBuildConfiguration;
			baseConfigurationReference = 08A41C1C7D3A556D6B278145 /* Pods-BMSTudent.debug.xcconfig */;
			buildSettings = {
				ASSETCATALOG_COMPILER_APPICON_NAME = AppIcon;
				CODE_SIGN_ENTITLEMENTS = BMSTudent/BMSTudent.entitlements;
				CODE_SIGN_STYLE = Automatic;
				DEVELOPMENT_TEAM = 5ABALJWYVX;
				INFOPLIST_FILE = BMSTudent/Info.plist;
				LD_RUNPATH_SEARCH_PATHS = (
					"$(inherited)",
					"@executable_path/Frameworks",
				);
				PRODUCT_BUNDLE_IDENTIFIER = com.sergey.BMSTudentTP;
				PRODUCT_NAME = "$(TARGET_NAME)";
				SWIFT_VERSION = 4.2;
				TARGETED_DEVICE_FAMILY = 1;
			};
			name = Debug;
		};
		85A755F7227B5E5F001E8FCC /* Release */ = {
			isa = XCBuildConfiguration;
			baseConfigurationReference = DB822AA40AD47D94AE696CBA /* Pods-BMSTudent.release.xcconfig */;
			buildSettings = {
				ASSETCATALOG_COMPILER_APPICON_NAME = AppIcon;
				CODE_SIGN_ENTITLEMENTS = BMSTudent/BMSTudent.entitlements;
				CODE_SIGN_STYLE = Automatic;
				DEVELOPMENT_TEAM = 5ABALJWYVX;
				INFOPLIST_FILE = BMSTudent/Info.plist;
				LD_RUNPATH_SEARCH_PATHS = (
					"$(inherited)",
					"@executable_path/Frameworks",
				);
				PRODUCT_BUNDLE_IDENTIFIER = com.sergey.BMSTudentTP;
				PRODUCT_NAME = "$(TARGET_NAME)";
				SWIFT_VERSION = 4.2;
				TARGETED_DEVICE_FAMILY = 1;
			};
			name = Release;
		};
		85A755F9227B5E5F001E8FCC /* Debug */ = {
			isa = XCBuildConfiguration;
			baseConfigurationReference = 8938FC3821BDFA99807A8D60 /* Pods-BMSTudentTests.debug.xcconfig */;
			buildSettings = {
				ALWAYS_EMBED_SWIFT_STANDARD_LIBRARIES = YES;
				BUNDLE_LOADER = "$(TEST_HOST)";
				CODE_SIGN_STYLE = Automatic;
				DEVELOPMENT_TEAM = 5ABALJWYVX;
				INFOPLIST_FILE = BMSTudentTests/Info.plist;
				LD_RUNPATH_SEARCH_PATHS = (
					"$(inherited)",
					"@executable_path/Frameworks",
					"@loader_path/Frameworks",
				);
				PRODUCT_BUNDLE_IDENTIFIER = Sergei.BMSTudentTests;
				PRODUCT_NAME = "$(TARGET_NAME)";
				SWIFT_VERSION = 4.2;
				TARGETED_DEVICE_FAMILY = "1,2";
				TEST_HOST = "$(BUILT_PRODUCTS_DIR)/BMSTudent.app/BMSTudent";
			};
			name = Debug;
		};
		85A755FA227B5E5F001E8FCC /* Release */ = {
			isa = XCBuildConfiguration;
			baseConfigurationReference = 80737E828C430436807E7896 /* Pods-BMSTudentTests.release.xcconfig */;
			buildSettings = {
				ALWAYS_EMBED_SWIFT_STANDARD_LIBRARIES = YES;
				BUNDLE_LOADER = "$(TEST_HOST)";
				CODE_SIGN_STYLE = Automatic;
				DEVELOPMENT_TEAM = 5ABALJWYVX;
				INFOPLIST_FILE = BMSTudentTests/Info.plist;
				LD_RUNPATH_SEARCH_PATHS = (
					"$(inherited)",
					"@executable_path/Frameworks",
					"@loader_path/Frameworks",
				);
				PRODUCT_BUNDLE_IDENTIFIER = Sergei.BMSTudentTests;
				PRODUCT_NAME = "$(TARGET_NAME)";
				SWIFT_VERSION = 4.2;
				TARGETED_DEVICE_FAMILY = "1,2";
				TEST_HOST = "$(BUILT_PRODUCTS_DIR)/BMSTudent.app/BMSTudent";
			};
			name = Release;
		};
		85A755FC227B5E5F001E8FCC /* Debug */ = {
			isa = XCBuildConfiguration;
			baseConfigurationReference = 42CAD57396FB831CE51C944B /* Pods-BMSTudentUITests.debug.xcconfig */;
			buildSettings = {
				ALWAYS_EMBED_SWIFT_STANDARD_LIBRARIES = YES;
				CODE_SIGN_STYLE = Automatic;
				DEVELOPMENT_TEAM = 5ABALJWYVX;
				INFOPLIST_FILE = BMSTudentUITests/Info.plist;
				LD_RUNPATH_SEARCH_PATHS = (
					"$(inherited)",
					"@executable_path/Frameworks",
					"@loader_path/Frameworks",
				);
				PRODUCT_BUNDLE_IDENTIFIER = Sergei.BMSTudentUITests;
				PRODUCT_NAME = "$(TARGET_NAME)";
				SWIFT_VERSION = 4.2;
				TARGETED_DEVICE_FAMILY = "1,2";
				TEST_TARGET_NAME = BMSTudent;
			};
			name = Debug;
		};
		85A755FD227B5E5F001E8FCC /* Release */ = {
			isa = XCBuildConfiguration;
			baseConfigurationReference = 56D43F657A90276B170A8B74 /* Pods-BMSTudentUITests.release.xcconfig */;
			buildSettings = {
				ALWAYS_EMBED_SWIFT_STANDARD_LIBRARIES = YES;
				CODE_SIGN_STYLE = Automatic;
				DEVELOPMENT_TEAM = 5ABALJWYVX;
				INFOPLIST_FILE = BMSTudentUITests/Info.plist;
				LD_RUNPATH_SEARCH_PATHS = (
					"$(inherited)",
					"@executable_path/Frameworks",
					"@loader_path/Frameworks",
				);
				PRODUCT_BUNDLE_IDENTIFIER = Sergei.BMSTudentUITests;
				PRODUCT_NAME = "$(TARGET_NAME)";
				SWIFT_VERSION = 4.2;
				TARGETED_DEVICE_FAMILY = "1,2";
				TEST_TARGET_NAME = BMSTudent;
			};
			name = Release;
		};
/* End XCBuildConfiguration section */

/* Begin XCConfigurationList section */
		85A755C8227B5E5E001E8FCC /* Build configuration list for PBXProject "BMSTudent" */ = {
			isa = XCConfigurationList;
			buildConfigurations = (
				85A755F3227B5E5F001E8FCC /* Debug */,
				85A755F4227B5E5F001E8FCC /* Release */,
			);
			defaultConfigurationIsVisible = 0;
			defaultConfigurationName = Release;
		};
		85A755F5227B5E5F001E8FCC /* Build configuration list for PBXNativeTarget "BMSTudent" */ = {
			isa = XCConfigurationList;
			buildConfigurations = (
				85A755F6227B5E5F001E8FCC /* Debug */,
				85A755F7227B5E5F001E8FCC /* Release */,
			);
			defaultConfigurationIsVisible = 0;
			defaultConfigurationName = Release;
		};
		85A755F8227B5E5F001E8FCC /* Build configuration list for PBXNativeTarget "BMSTudentTests" */ = {
			isa = XCConfigurationList;
			buildConfigurations = (
				85A755F9227B5E5F001E8FCC /* Debug */,
				85A755FA227B5E5F001E8FCC /* Release */,
			);
			defaultConfigurationIsVisible = 0;
			defaultConfigurationName = Release;
		};
		85A755FB227B5E5F001E8FCC /* Build configuration list for PBXNativeTarget "BMSTudentUITests" */ = {
			isa = XCConfigurationList;
			buildConfigurations = (
				85A755FC227B5E5F001E8FCC /* Debug */,
				85A755FD227B5E5F001E8FCC /* Release */,
			);
			defaultConfigurationIsVisible = 0;
			defaultConfigurationName = Release;
		};
/* End XCConfigurationList section */
	};
	rootObject = 85A755C5227B5E5E001E8FCC /* Project object */;
}
